// !$*UTF8*$!
{
	archiveVersion = 1;
	classes = {
	};
	objectVersion = 46;
	objects = {

/* Begin PBXBuildFile section */
		19A89CDF4C20A1C3FD6C0D86 /* Pods_SVNewsletter.framework in Frameworks */ = {isa = PBXBuildFile; fileRef = EA7BACE393D734DCD62A5CC3 /* Pods_SVNewsletter.framework */; };
		222385C21DE38A0800AAAAE4 /* AssemblyService.swift in Sources */ = {isa = PBXBuildFile; fileRef = 222385C11DE38A0800AAAAE4 /* AssemblyService.swift */; };
		222385C51DE38A6700AAAAE4 /* Wireframe.swift in Sources */ = {isa = PBXBuildFile; fileRef = 222385C41DE38A6700AAAAE4 /* Wireframe.swift */; };
		2290C4511DE493BC009E3720 /* NewsletterViewController.swift in Sources */ = {isa = PBXBuildFile; fileRef = 2290C44F1DE493BC009E3720 /* NewsletterViewController.swift */; };
		2290C4521DE493BC009E3720 /* NewsletterViewControllerExtension.swift in Sources */ = {isa = PBXBuildFile; fileRef = 2290C4501DE493BC009E3720 /* NewsletterViewControllerExtension.swift */; };
		2290C4541DE493C8009E3720 /* NewsletterInteractor.swift in Sources */ = {isa = PBXBuildFile; fileRef = 2290C4531DE493C8009E3720 /* NewsletterInteractor.swift */; };
		2290C4561DE493D5009E3720 /* NewsletterPresenter.swift in Sources */ = {isa = PBXBuildFile; fileRef = 2290C4551DE493D5009E3720 /* NewsletterPresenter.swift */; };
		2290C4581DE493E3009E3720 /* NewsEntity.swift in Sources */ = {isa = PBXBuildFile; fileRef = 2290C4571DE493E3009E3720 /* NewsEntity.swift */; };
		2290C45A1DE493EE009E3720 /* NewsletterWireframe.swift in Sources */ = {isa = PBXBuildFile; fileRef = 2290C4591DE493EE009E3720 /* NewsletterWireframe.swift */; };
		2290C45C1DE493FF009E3720 /* NetworkService.swift in Sources */ = {isa = PBXBuildFile; fileRef = 2290C45B1DE493FF009E3720 /* NetworkService.swift */; };
		2290C45F1DE4AD63009E3720 /* NewsletterOperation.swift in Sources */ = {isa = PBXBuildFile; fileRef = 2290C45E1DE4AD63009E3720 /* NewsletterOperation.swift */; };
		2290C4621DE4C1E0009E3720 /* NewsletterTableViewCell.swift in Sources */ = {isa = PBXBuildFile; fileRef = 2290C4601DE4C1E0009E3720 /* NewsletterTableViewCell.swift */; };
		2290C4631DE4C1E0009E3720 /* NewsletterTableViewCell.xib in Resources */ = {isa = PBXBuildFile; fileRef = 2290C4611DE4C1E0009E3720 /* NewsletterTableViewCell.xib */; };
		2290C4661DE4C7EB009E3720 /* StringExtension.swift in Sources */ = {isa = PBXBuildFile; fileRef = 2290C4651DE4C7EB009E3720 /* StringExtension.swift */; };
		2290C4681DE4CF4C009E3720 /* ColorExtension.swift in Sources */ = {isa = PBXBuildFile; fileRef = 2290C4671DE4CF4C009E3720 /* ColorExtension.swift */; };
		2290C46B1DE4EEA1009E3720 /* AsyncOperation.swift in Sources */ = {isa = PBXBuildFile; fileRef = 2290C46A1DE4EEA1009E3720 /* AsyncOperation.swift */; };
		2290C4711DE4F0F2009E3720 /* NewsletterDetailsPresenter.swift in Sources */ = {isa = PBXBuildFile; fileRef = 2290C4701DE4F0F2009E3720 /* NewsletterDetailsPresenter.swift */; };
		2290C4741DE4F28C009E3720 /* NewsletterDetailsWireframe.swift in Sources */ = {isa = PBXBuildFile; fileRef = 2290C4731DE4F28C009E3720 /* NewsletterDetailsWireframe.swift */; };
		2290C4761DE4F3DA009E3720 /* NewsletterDetailsViewController.swift in Sources */ = {isa = PBXBuildFile; fileRef = 2290C4751DE4F3DA009E3720 /* NewsletterDetailsViewController.swift */; };
		22C5F1C41DE2251E0008A54A /* Connection.swift in Sources */ = {isa = PBXBuildFile; fileRef = 22C5F1C31DE2251D0008A54A /* Connection.swift */; };
		22C6ECE71DE0C7270071C0A9 /* AppDelegate.swift in Sources */ = {isa = PBXBuildFile; fileRef = 22C6ECE61DE0C7270071C0A9 /* AppDelegate.swift */; };
		22C6ECEC1DE0C7270071C0A9 /* Main.storyboard in Resources */ = {isa = PBXBuildFile; fileRef = 22C6ECEA1DE0C7270071C0A9 /* Main.storyboard */; };
		22C6ECEE1DE0C7270071C0A9 /* Assets.xcassets in Resources */ = {isa = PBXBuildFile; fileRef = 22C6ECED1DE0C7270071C0A9 /* Assets.xcassets */; };
		22C6ECF11DE0C7270071C0A9 /* LaunchScreen.storyboard in Resources */ = {isa = PBXBuildFile; fileRef = 22C6ECEF1DE0C7270071C0A9 /* LaunchScreen.storyboard */; };
		22C6ECFC1DE0C7270071C0A9 /* SVNewsletterTests.swift in Sources */ = {isa = PBXBuildFile; fileRef = 22C6ECFB1DE0C7270071C0A9 /* SVNewsletterTests.swift */; };
		57745A3438DA7D9ABA5D2108 /* Pods_SVNewsletterTests.framework in Frameworks */ = {isa = PBXBuildFile; fileRef = F5628E2E08B3C3D93B24812A /* Pods_SVNewsletterTests.framework */; };
/* End PBXBuildFile section */

/* Begin PBXContainerItemProxy section */
		22C6ECF81DE0C7270071C0A9 /* PBXContainerItemProxy */ = {
			isa = PBXContainerItemProxy;
			containerPortal = 22C6ECDB1DE0C7260071C0A9 /* Project object */;
			proxyType = 1;
			remoteGlobalIDString = 22C6ECE21DE0C7260071C0A9;
			remoteInfo = SVNewsletter;
		};
/* End PBXContainerItemProxy section */

/* Begin PBXFileReference section */
		222385C11DE38A0800AAAAE4 /* AssemblyService.swift */ = {isa = PBXFileReference; fileEncoding = 4; lastKnownFileType = sourcecode.swift; name = AssemblyService.swift; path = Assembly/AssemblyService.swift; sourceTree = "<group>"; };
		222385C41DE38A6700AAAAE4 /* Wireframe.swift */ = {isa = PBXFileReference; fileEncoding = 4; lastKnownFileType = sourcecode.swift; name = Wireframe.swift; path = Wireframe/Wireframe.swift; sourceTree = "<group>"; };
		2290C44F1DE493BC009E3720 /* NewsletterViewController.swift */ = {isa = PBXFileReference; fileEncoding = 4; lastKnownFileType = sourcecode.swift; name = NewsletterViewController.swift; path = Modules/Newsletter/View/NewsletterViewController.swift; sourceTree = "<group>"; };
		2290C4501DE493BC009E3720 /* NewsletterViewControllerExtension.swift */ = {isa = PBXFileReference; fileEncoding = 4; lastKnownFileType = sourcecode.swift; name = NewsletterViewControllerExtension.swift; path = Modules/Newsletter/View/NewsletterViewControllerExtension.swift; sourceTree = "<group>"; };
		2290C4531DE493C8009E3720 /* NewsletterInteractor.swift */ = {isa = PBXFileReference; fileEncoding = 4; lastKnownFileType = sourcecode.swift; name = NewsletterInteractor.swift; path = Modules/Newsletter/Interactor/NewsletterInteractor.swift; sourceTree = "<group>"; };
		2290C4551DE493D5009E3720 /* NewsletterPresenter.swift */ = {isa = PBXFileReference; fileEncoding = 4; lastKnownFileType = sourcecode.swift; name = NewsletterPresenter.swift; path = Modules/Newsletter/Presenter/NewsletterPresenter.swift; sourceTree = "<group>"; };
		2290C4571DE493E3009E3720 /* NewsEntity.swift */ = {isa = PBXFileReference; fileEncoding = 4; lastKnownFileType = sourcecode.swift; name = NewsEntity.swift; path = Modules/Newsletter/Entity/NewsEntity.swift; sourceTree = "<group>"; };
		2290C4591DE493EE009E3720 /* NewsletterWireframe.swift */ = {isa = PBXFileReference; fileEncoding = 4; lastKnownFileType = sourcecode.swift; name = NewsletterWireframe.swift; path = Modules/Newsletter/Wireframe/NewsletterWireframe.swift; sourceTree = "<group>"; };
		2290C45B1DE493FF009E3720 /* NetworkService.swift */ = {isa = PBXFileReference; fileEncoding = 4; lastKnownFileType = sourcecode.swift; name = NetworkService.swift; path = Modules/Newsletter/Service/NetworkService.swift; sourceTree = "<group>"; };
		2290C45E1DE4AD63009E3720 /* NewsletterOperation.swift */ = {isa = PBXFileReference; fileEncoding = 4; lastKnownFileType = sourcecode.swift; name = NewsletterOperation.swift; path = Modules/Newsletter/Operation/NewsletterOperation.swift; sourceTree = "<group>"; };
		2290C4601DE4C1E0009E3720 /* NewsletterTableViewCell.swift */ = {isa = PBXFileReference; fileEncoding = 4; lastKnownFileType = sourcecode.swift; name = NewsletterTableViewCell.swift; path = Modules/Newsletter/View/NewsletterTableViewCell.swift; sourceTree = "<group>"; };
		2290C4611DE4C1E0009E3720 /* NewsletterTableViewCell.xib */ = {isa = PBXFileReference; fileEncoding = 4; lastKnownFileType = file.xib; name = NewsletterTableViewCell.xib; path = Modules/Newsletter/View/NewsletterTableViewCell.xib; sourceTree = "<group>"; };
		2290C4651DE4C7EB009E3720 /* StringExtension.swift */ = {isa = PBXFileReference; fileEncoding = 4; lastKnownFileType = sourcecode.swift; name = StringExtension.swift; path = Extension/StringExtension.swift; sourceTree = "<group>"; };
		2290C4671DE4CF4C009E3720 /* ColorExtension.swift */ = {isa = PBXFileReference; fileEncoding = 4; lastKnownFileType = sourcecode.swift; name = ColorExtension.swift; path = Extension/ColorExtension.swift; sourceTree = "<group>"; };
		2290C46A1DE4EEA1009E3720 /* AsyncOperation.swift */ = {isa = PBXFileReference; fileEncoding = 4; lastKnownFileType = sourcecode.swift; name = AsyncOperation.swift; path = Operations/AsyncOperation.swift; sourceTree = "<group>"; };
		2290C4701DE4F0F2009E3720 /* NewsletterDetailsPresenter.swift */ = {isa = PBXFileReference; fileEncoding = 4; lastKnownFileType = sourcecode.swift; name = NewsletterDetailsPresenter.swift; path = Modules/NewsletterDetails/Presenter/NewsletterDetailsPresenter.swift; sourceTree = "<group>"; };
		2290C4731DE4F28C009E3720 /* NewsletterDetailsWireframe.swift */ = {isa = PBXFileReference; fileEncoding = 4; lastKnownFileType = sourcecode.swift; name = NewsletterDetailsWireframe.swift; path = Modules/NewsletterDetails/Wireframe/NewsletterDetailsWireframe.swift; sourceTree = "<group>"; };
		2290C4751DE4F3DA009E3720 /* NewsletterDetailsViewController.swift */ = {isa = PBXFileReference; fileEncoding = 4; lastKnownFileType = sourcecode.swift; name = NewsletterDetailsViewController.swift; path = Modules/NewsletterDetails/View/NewsletterDetailsViewController.swift; sourceTree = "<group>"; };
		22C5F1C31DE2251D0008A54A /* Connection.swift */ = {isa = PBXFileReference; fileEncoding = 4; lastKnownFileType = sourcecode.swift; name = Connection.swift; path = Network/Connection.swift; sourceTree = "<group>"; };
		22C6ECE31DE0C7260071C0A9 /* SVNewsletter.app */ = {isa = PBXFileReference; explicitFileType = wrapper.application; includeInIndex = 0; path = SVNewsletter.app; sourceTree = BUILT_PRODUCTS_DIR; };
		22C6ECE61DE0C7270071C0A9 /* AppDelegate.swift */ = {isa = PBXFileReference; lastKnownFileType = sourcecode.swift; path = AppDelegate.swift; sourceTree = "<group>"; };
		22C6ECEB1DE0C7270071C0A9 /* Base */ = {isa = PBXFileReference; lastKnownFileType = file.storyboard; name = Base; path = Base.lproj/Main.storyboard; sourceTree = "<group>"; };
		22C6ECED1DE0C7270071C0A9 /* Assets.xcassets */ = {isa = PBXFileReference; lastKnownFileType = folder.assetcatalog; path = Assets.xcassets; sourceTree = "<group>"; };
		22C6ECF01DE0C7270071C0A9 /* Base */ = {isa = PBXFileReference; lastKnownFileType = file.storyboard; name = Base; path = Base.lproj/LaunchScreen.storyboard; sourceTree = "<group>"; };
		22C6ECF21DE0C7270071C0A9 /* Info.plist */ = {isa = PBXFileReference; lastKnownFileType = text.plist.xml; path = Info.plist; sourceTree = "<group>"; };
		22C6ECF71DE0C7270071C0A9 /* SVNewsletterTests.xctest */ = {isa = PBXFileReference; explicitFileType = wrapper.cfbundle; includeInIndex = 0; path = SVNewsletterTests.xctest; sourceTree = BUILT_PRODUCTS_DIR; };
		22C6ECFB1DE0C7270071C0A9 /* SVNewsletterTests.swift */ = {isa = PBXFileReference; lastKnownFileType = sourcecode.swift; path = SVNewsletterTests.swift; sourceTree = "<group>"; };
		22C6ECFD1DE0C7270071C0A9 /* Info.plist */ = {isa = PBXFileReference; lastKnownFileType = text.plist.xml; path = Info.plist; sourceTree = "<group>"; };
		9A367B7F207372E17379DF44 /* Pods-SVNewsletterTests.debug.xcconfig */ = {isa = PBXFileReference; includeInIndex = 1; lastKnownFileType = text.xcconfig; name = "Pods-SVNewsletterTests.debug.xcconfig"; path = "Pods/Target Support Files/Pods-SVNewsletterTests/Pods-SVNewsletterTests.debug.xcconfig"; sourceTree = "<group>"; };
		C41B85D7673BC8803D5510AC /* Pods-SVNewsletter.release.xcconfig */ = {isa = PBXFileReference; includeInIndex = 1; lastKnownFileType = text.xcconfig; name = "Pods-SVNewsletter.release.xcconfig"; path = "Pods/Target Support Files/Pods-SVNewsletter/Pods-SVNewsletter.release.xcconfig"; sourceTree = "<group>"; };
		EA7BACE393D734DCD62A5CC3 /* Pods_SVNewsletter.framework */ = {isa = PBXFileReference; explicitFileType = wrapper.framework; includeInIndex = 0; path = Pods_SVNewsletter.framework; sourceTree = BUILT_PRODUCTS_DIR; };
		F5628E2E08B3C3D93B24812A /* Pods_SVNewsletterTests.framework */ = {isa = PBXFileReference; explicitFileType = wrapper.framework; includeInIndex = 0; path = Pods_SVNewsletterTests.framework; sourceTree = BUILT_PRODUCTS_DIR; };
		F753DFB7F0E23CF8B811D3E2 /* Pods-SVNewsletterTests.release.xcconfig */ = {isa = PBXFileReference; includeInIndex = 1; lastKnownFileType = text.xcconfig; name = "Pods-SVNewsletterTests.release.xcconfig"; path = "Pods/Target Support Files/Pods-SVNewsletterTests/Pods-SVNewsletterTests.release.xcconfig"; sourceTree = "<group>"; };
		FF6C58F1FB28B4DFCDF39494 /* Pods-SVNewsletter.debug.xcconfig */ = {isa = PBXFileReference; includeInIndex = 1; lastKnownFileType = text.xcconfig; name = "Pods-SVNewsletter.debug.xcconfig"; path = "Pods/Target Support Files/Pods-SVNewsletter/Pods-SVNewsletter.debug.xcconfig"; sourceTree = "<group>"; };
/* End PBXFileReference section */

/* Begin PBXFrameworksBuildPhase section */
		22C6ECE01DE0C7260071C0A9 /* Frameworks */ = {
			isa = PBXFrameworksBuildPhase;
			buildActionMask = 2147483647;
			files = (
				19A89CDF4C20A1C3FD6C0D86 /* Pods_SVNewsletter.framework in Frameworks */,
			);
			runOnlyForDeploymentPostprocessing = 0;
		};
		22C6ECF41DE0C7270071C0A9 /* Frameworks */ = {
			isa = PBXFrameworksBuildPhase;
			buildActionMask = 2147483647;
			files = (
				57745A3438DA7D9ABA5D2108 /* Pods_SVNewsletterTests.framework in Frameworks */,
			);
			runOnlyForDeploymentPostprocessing = 0;
		};
/* End PBXFrameworksBuildPhase section */

/* Begin PBXGroup section */
		12A3E7C55FBFCF0E472A02E6 /* Pods */ = {
			isa = PBXGroup;
			children = (
				FF6C58F1FB28B4DFCDF39494 /* Pods-SVNewsletter.debug.xcconfig */,
				C41B85D7673BC8803D5510AC /* Pods-SVNewsletter.release.xcconfig */,
				9A367B7F207372E17379DF44 /* Pods-SVNewsletterTests.debug.xcconfig */,
				F753DFB7F0E23CF8B811D3E2 /* Pods-SVNewsletterTests.release.xcconfig */,
			);
			name = Pods;
			sourceTree = "<group>";
		};
		222385B71DE37DDA00AAAAE4 /* Presenter */ = {
			isa = PBXGroup;
			children = (
				2290C4551DE493D5009E3720 /* NewsletterPresenter.swift */,
			);
			name = Presenter;
			sourceTree = "<group>";
		};
		222385BA1DE3827A00AAAAE4 /* Service */ = {
			isa = PBXGroup;
			children = (
				2290C45B1DE493FF009E3720 /* NetworkService.swift */,
			);
			name = Service;
			sourceTree = "<group>";
		};
		222385BD1DE382F500AAAAE4 /* Wireframe */ = {
			isa = PBXGroup;
			children = (
				2290C4591DE493EE009E3720 /* NewsletterWireframe.swift */,
			);
			name = Wireframe;
			sourceTree = "<group>";
		};
		222385C01DE389CD00AAAAE4 /* Assembly */ = {
			isa = PBXGroup;
			children = (
				222385C11DE38A0800AAAAE4 /* AssemblyService.swift */,
			);
			name = Assembly;
			sourceTree = "<group>";
		};
		222385C31DE38A5000AAAAE4 /* Wireframe */ = {
			isa = PBXGroup;
			children = (
				222385C41DE38A6700AAAAE4 /* Wireframe.swift */,
			);
			name = Wireframe;
			sourceTree = "<group>";
		};
		2290C44E1DE4937B009E3720 /* Modules */ = {
			isa = PBXGroup;
			children = (
				22C5F1C51DE2283C0008A54A /* Newsletter */,
				2290C46C1DE4EF45009E3720 /* NewsletterDetails */,
			);
			name = Modules;
			sourceTree = "<group>";
		};
		2290C45D1DE4AD33009E3720 /* Operation */ = {
			isa = PBXGroup;
			children = (
				2290C45E1DE4AD63009E3720 /* NewsletterOperation.swift */,
			);
			name = Operation;
			sourceTree = "<group>";
		};
		2290C4641DE4C7D2009E3720 /* Extension */ = {
			isa = PBXGroup;
			children = (
				2290C4651DE4C7EB009E3720 /* StringExtension.swift */,
				2290C4671DE4CF4C009E3720 /* ColorExtension.swift */,
			);
			name = Extension;
			sourceTree = "<group>";
		};
		2290C4691DE4EE7A009E3720 /* Operations */ = {
			isa = PBXGroup;
			children = (
				2290C46A1DE4EEA1009E3720 /* AsyncOperation.swift */,
			);
			name = Operations;
			sourceTree = "<group>";
		};
		2290C46C1DE4EF45009E3720 /* NewsletterDetails */ = {
			isa = PBXGroup;
			children = (
				2290C46D1DE4F075009E3720 /* View */,
				2290C46F1DE4F09F009E3720 /* Interactor */,
				2290C46E1DE4F096009E3720 /* Presenter */,
				2290C4721DE4F25C009E3720 /* Wireframe */,
			);
			name = NewsletterDetails;
			sourceTree = "<group>";
		};
		2290C46D1DE4F075009E3720 /* View */ = {
			isa = PBXGroup;
			children = (
				2290C4751DE4F3DA009E3720 /* NewsletterDetailsViewController.swift */,
			);
			name = View;
			sourceTree = "<group>";
		};
		2290C46E1DE4F096009E3720 /* Presenter */ = {
			isa = PBXGroup;
			children = (
				2290C4701DE4F0F2009E3720 /* NewsletterDetailsPresenter.swift */,
			);
			name = Presenter;
			sourceTree = "<group>";
		};
		2290C46F1DE4F09F009E3720 /* Interactor */ = {
			isa = PBXGroup;
			children = (
			);
			name = Interactor;
			sourceTree = "<group>";
		};
		2290C4721DE4F25C009E3720 /* Wireframe */ = {
			isa = PBXGroup;
			children = (
				2290C4731DE4F28C009E3720 /* NewsletterDetailsWireframe.swift */,
			);
			name = Wireframe;
			sourceTree = "<group>";
		};
		22C5F1C21DE224E70008A54A /* Network */ = {
			isa = PBXGroup;
			children = (
				22C5F1C31DE2251D0008A54A /* Connection.swift */,
			);
			name = Network;
			sourceTree = "<group>";
		};
		22C5F1C51DE2283C0008A54A /* Newsletter */ = {
			isa = PBXGroup;
			children = (
				2290C45D1DE4AD33009E3720 /* Operation */,
				22C5F1CA1DE22C030008A54A /* View */,
				22C5F1C91DE22AB50008A54A /* Interactor */,
				222385B71DE37DDA00AAAAE4 /* Presenter */,
				22C5F1C81DE22A910008A54A /* Entity */,
				222385BD1DE382F500AAAAE4 /* Wireframe */,
				222385BA1DE3827A00AAAAE4 /* Service */,
			);
			name = Newsletter;
			sourceTree = "<group>";
		};
		22C5F1C81DE22A910008A54A /* Entity */ = {
			isa = PBXGroup;
			children = (
				2290C4571DE493E3009E3720 /* NewsEntity.swift */,
			);
			name = Entity;
			sourceTree = "<group>";
		};
		22C5F1C91DE22AB50008A54A /* Interactor */ = {
			isa = PBXGroup;
			children = (
				2290C4531DE493C8009E3720 /* NewsletterInteractor.swift */,
			);
			name = Interactor;
			sourceTree = "<group>";
		};
		22C5F1CA1DE22C030008A54A /* View */ = {
			isa = PBXGroup;
			children = (
				2290C44F1DE493BC009E3720 /* NewsletterViewController.swift */,
				2290C4501DE493BC009E3720 /* NewsletterViewControllerExtension.swift */,
				2290C4601DE4C1E0009E3720 /* NewsletterTableViewCell.swift */,
				2290C4611DE4C1E0009E3720 /* NewsletterTableViewCell.xib */,
			);
			name = View;
			sourceTree = "<group>";
		};
		22C6ECDA1DE0C7260071C0A9 = {
			isa = PBXGroup;
			children = (
				22C6ECE51DE0C7260071C0A9 /* SVNewsletter */,
				22C6ECFA1DE0C7270071C0A9 /* SVNewsletterTests */,
				22C6ECE41DE0C7260071C0A9 /* Products */,
				12A3E7C55FBFCF0E472A02E6 /* Pods */,
				DDEB24AF991E7E744DB665DB /* Frameworks */,
			);
			sourceTree = "<group>";
		};
		22C6ECE41DE0C7260071C0A9 /* Products */ = {
			isa = PBXGroup;
			children = (
				22C6ECE31DE0C7260071C0A9 /* SVNewsletter.app */,
				22C6ECF71DE0C7270071C0A9 /* SVNewsletterTests.xctest */,
			);
			name = Products;
			sourceTree = "<group>";
		};
		22C6ECE51DE0C7260071C0A9 /* SVNewsletter */ = {
			isa = PBXGroup;
			children = (
				2290C4691DE4EE7A009E3720 /* Operations */,
				2290C4641DE4C7D2009E3720 /* Extension */,
				2290C44E1DE4937B009E3720 /* Modules */,
				222385C31DE38A5000AAAAE4 /* Wireframe */,
				222385C01DE389CD00AAAAE4 /* Assembly */,
				22C5F1C21DE224E70008A54A /* Network */,
				22C6ECE61DE0C7270071C0A9 /* AppDelegate.swift */,
				22C6ECEA1DE0C7270071C0A9 /* Main.storyboard */,
				22C6ECED1DE0C7270071C0A9 /* Assets.xcassets */,
				22C6ECEF1DE0C7270071C0A9 /* LaunchScreen.storyboard */,
				22C6ECF21DE0C7270071C0A9 /* Info.plist */,
			);
			path = SVNewsletter;
			sourceTree = "<group>";
		};
		22C6ECFA1DE0C7270071C0A9 /* SVNewsletterTests */ = {
			isa = PBXGroup;
			children = (
				22C6ECFB1DE0C7270071C0A9 /* SVNewsletterTests.swift */,
				22C6ECFD1DE0C7270071C0A9 /* Info.plist */,
			);
			path = SVNewsletterTests;
			sourceTree = "<group>";
		};
		DDEB24AF991E7E744DB665DB /* Frameworks */ = {
			isa = PBXGroup;
			children = (
				EA7BACE393D734DCD62A5CC3 /* Pods_SVNewsletter.framework */,
				F5628E2E08B3C3D93B24812A /* Pods_SVNewsletterTests.framework */,
			);
			name = Frameworks;
			sourceTree = "<group>";
		};
/* End PBXGroup section */

/* Begin PBXNativeTarget section */
		22C6ECE21DE0C7260071C0A9 /* SVNewsletter */ = {
			isa = PBXNativeTarget;
			buildConfigurationList = 22C6ED001DE0C7270071C0A9 /* Build configuration list for PBXNativeTarget "SVNewsletter" */;
			buildPhases = (
				760390FE1860AB4B65EB0B44 /* [CP] Check Pods Manifest.lock */,
				22C6ECDF1DE0C7260071C0A9 /* Sources */,
				22C6ECE01DE0C7260071C0A9 /* Frameworks */,
				22C6ECE11DE0C7260071C0A9 /* Resources */,
				543BC0CA0EFC7B758CF191D0 /* [CP] Embed Pods Frameworks */,
				69227358E6964F39AEAA491D /* [CP] Copy Pods Resources */,
			);
			buildRules = (
			);
			dependencies = (
			);
			name = SVNewsletter;
			productName = SVNewsletter;
			productReference = 22C6ECE31DE0C7260071C0A9 /* SVNewsletter.app */;
			productType = "com.apple.product-type.application";
		};
		22C6ECF61DE0C7270071C0A9 /* SVNewsletterTests */ = {
			isa = PBXNativeTarget;
			buildConfigurationList = 22C6ED031DE0C7270071C0A9 /* Build configuration list for PBXNativeTarget "SVNewsletterTests" */;
			buildPhases = (
				B1A8C857942DABA4F4263F61 /* [CP] Check Pods Manifest.lock */,
				22C6ECF31DE0C7270071C0A9 /* Sources */,
				22C6ECF41DE0C7270071C0A9 /* Frameworks */,
				22C6ECF51DE0C7270071C0A9 /* Resources */,
				050797E768679225E1A749D0 /* [CP] Embed Pods Frameworks */,
				57CB2EAD700855305D977808 /* [CP] Copy Pods Resources */,
			);
			buildRules = (
			);
			dependencies = (
				22C6ECF91DE0C7270071C0A9 /* PBXTargetDependency */,
			);
			name = SVNewsletterTests;
			productName = SVNewsletterTests;
			productReference = 22C6ECF71DE0C7270071C0A9 /* SVNewsletterTests.xctest */;
			productType = "com.apple.product-type.bundle.unit-test";
		};
/* End PBXNativeTarget section */

/* Begin PBXProject section */
		22C6ECDB1DE0C7260071C0A9 /* Project object */ = {
			isa = PBXProject;
			attributes = {
				LastSwiftUpdateCheck = 0810;
				LastUpgradeCheck = 0810;
				ORGANIZATIONNAME = "Semyon Vyatkin";
				TargetAttributes = {
					22C6ECE21DE0C7260071C0A9 = {
						CreatedOnToolsVersion = 8.1;
						DevelopmentTeam = UWWE7R5BZG;
						ProvisioningStyle = Automatic;
					};
					22C6ECF61DE0C7270071C0A9 = {
						CreatedOnToolsVersion = 8.1;
						DevelopmentTeam = UWWE7R5BZG;
						ProvisioningStyle = Automatic;
						TestTargetID = 22C6ECE21DE0C7260071C0A9;
					};
				};
			};
			buildConfigurationList = 22C6ECDE1DE0C7260071C0A9 /* Build configuration list for PBXProject "SVNewsletter" */;
			compatibilityVersion = "Xcode 3.2";
			developmentRegion = English;
			hasScannedForEncodings = 0;
			knownRegions = (
				en,
				Base,
			);
			mainGroup = 22C6ECDA1DE0C7260071C0A9;
			productRefGroup = 22C6ECE41DE0C7260071C0A9 /* Products */;
			projectDirPath = "";
			projectRoot = "";
			targets = (
				22C6ECE21DE0C7260071C0A9 /* SVNewsletter */,
				22C6ECF61DE0C7270071C0A9 /* SVNewsletterTests */,
			);
		};
/* End PBXProject section */

/* Begin PBXResourcesBuildPhase section */
		22C6ECE11DE0C7260071C0A9 /* Resources */ = {
			isa = PBXResourcesBuildPhase;
			buildActionMask = 2147483647;
			files = (
				2290C4631DE4C1E0009E3720 /* NewsletterTableViewCell.xib in Resources */,
				22C6ECF11DE0C7270071C0A9 /* LaunchScreen.storyboard in Resources */,
				22C6ECEE1DE0C7270071C0A9 /* Assets.xcassets in Resources */,
				22C6ECEC1DE0C7270071C0A9 /* Main.storyboard in Resources */,
			);
			runOnlyForDeploymentPostprocessing = 0;
		};
		22C6ECF51DE0C7270071C0A9 /* Resources */ = {
			isa = PBXResourcesBuildPhase;
			buildActionMask = 2147483647;
			files = (
			);
			runOnlyForDeploymentPostprocessing = 0;
		};
/* End PBXResourcesBuildPhase section */

/* Begin PBXShellScriptBuildPhase section */
		050797E768679225E1A749D0 /* [CP] Embed Pods Frameworks */ = {
			isa = PBXShellScriptBuildPhase;
			buildActionMask = 2147483647;
			files = (
			);
			inputPaths = (
			);
			name = "[CP] Embed Pods Frameworks";
			outputPaths = (
			);
			runOnlyForDeploymentPostprocessing = 0;
			shellPath = /bin/sh;
			shellScript = "\"${SRCROOT}/Pods/Target Support Files/Pods-SVNewsletterTests/Pods-SVNewsletterTests-frameworks.sh\"\n";
			showEnvVarsInLog = 0;
		};
		543BC0CA0EFC7B758CF191D0 /* [CP] Embed Pods Frameworks */ = {
			isa = PBXShellScriptBuildPhase;
			buildActionMask = 2147483647;
			files = (
			);
			inputPaths = (
			);
			name = "[CP] Embed Pods Frameworks";
			outputPaths = (
			);
			runOnlyForDeploymentPostprocessing = 0;
			shellPath = /bin/sh;
			shellScript = "\"${SRCROOT}/Pods/Target Support Files/Pods-SVNewsletter/Pods-SVNewsletter-frameworks.sh\"\n";
			showEnvVarsInLog = 0;
		};
		57CB2EAD700855305D977808 /* [CP] Copy Pods Resources */ = {
			isa = PBXShellScriptBuildPhase;
			buildActionMask = 2147483647;
			files = (
			);
			inputPaths = (
			);
			name = "[CP] Copy Pods Resources";
			outputPaths = (
			);
			runOnlyForDeploymentPostprocessing = 0;
			shellPath = /bin/sh;
			shellScript = "\"${SRCROOT}/Pods/Target Support Files/Pods-SVNewsletterTests/Pods-SVNewsletterTests-resources.sh\"\n";
			showEnvVarsInLog = 0;
		};
		69227358E6964F39AEAA491D /* [CP] Copy Pods Resources */ = {
			isa = PBXShellScriptBuildPhase;
			buildActionMask = 2147483647;
			files = (
			);
			inputPaths = (
			);
			name = "[CP] Copy Pods Resources";
			outputPaths = (
			);
			runOnlyForDeploymentPostprocessing = 0;
			shellPath = /bin/sh;
			shellScript = "\"${SRCROOT}/Pods/Target Support Files/Pods-SVNewsletter/Pods-SVNewsletter-resources.sh\"\n";
			showEnvVarsInLog = 0;
		};
		760390FE1860AB4B65EB0B44 /* [CP] Check Pods Manifest.lock */ = {
			isa = PBXShellScriptBuildPhase;
			buildActionMask = 2147483647;
			files = (
			);
			inputPaths = (
			);
			name = "[CP] Check Pods Manifest.lock";
			outputPaths = (
			);
			runOnlyForDeploymentPostprocessing = 0;
			shellPath = /bin/sh;
			shellScript = "diff \"${PODS_ROOT}/../Podfile.lock\" \"${PODS_ROOT}/Manifest.lock\" > /dev/null\nif [ $? != 0 ] ; then\n    # print error to STDERR\n    echo \"error: The sandbox is not in sync with the Podfile.lock. Run 'pod install' or update your CocoaPods installation.\" >&2\n    exit 1\nfi\n";
			showEnvVarsInLog = 0;
		};
		B1A8C857942DABA4F4263F61 /* [CP] Check Pods Manifest.lock */ = {
			isa = PBXShellScriptBuildPhase;
			buildActionMask = 2147483647;
			files = (
			);
			inputPaths = (
			);
			name = "[CP] Check Pods Manifest.lock";
			outputPaths = (
			);
			runOnlyForDeploymentPostprocessing = 0;
			shellPath = /bin/sh;
			shellScript = "diff \"${PODS_ROOT}/../Podfile.lock\" \"${PODS_ROOT}/Manifest.lock\" > /dev/null\nif [ $? != 0 ] ; then\n    # print error to STDERR\n    echo \"error: The sandbox is not in sync with the Podfile.lock. Run 'pod install' or update your CocoaPods installation.\" >&2\n    exit 1\nfi\n";
			showEnvVarsInLog = 0;
		};
/* End PBXShellScriptBuildPhase section */

/* Begin PBXSourcesBuildPhase section */
		22C6ECDF1DE0C7260071C0A9 /* Sources */ = {
			isa = PBXSourcesBuildPhase;
			buildActionMask = 2147483647;
			files = (
				2290C4741DE4F28C009E3720 /* NewsletterDetailsWireframe.swift in Sources */,
				2290C45C1DE493FF009E3720 /* NetworkService.swift in Sources */,
				222385C51DE38A6700AAAAE4 /* Wireframe.swift in Sources */,
				2290C45F1DE4AD63009E3720 /* NewsletterOperation.swift in Sources */,
				2290C4561DE493D5009E3720 /* NewsletterPresenter.swift in Sources */,
				2290C4521DE493BC009E3720 /* NewsletterViewControllerExtension.swift in Sources */,
				2290C4511DE493BC009E3720 /* NewsletterViewController.swift in Sources */,
				2290C4581DE493E3009E3720 /* NewsEntity.swift in Sources */,
				2290C4761DE4F3DA009E3720 /* NewsletterDetailsViewController.swift in Sources */,
				222385C21DE38A0800AAAAE4 /* AssemblyService.swift in Sources */,
				2290C4711DE4F0F2009E3720 /* NewsletterDetailsPresenter.swift in Sources */,
				2290C4661DE4C7EB009E3720 /* StringExtension.swift in Sources */,
				2290C4681DE4CF4C009E3720 /* ColorExtension.swift in Sources */,
				2290C4541DE493C8009E3720 /* NewsletterInteractor.swift in Sources */,
				22C5F1C41DE2251E0008A54A /* Connection.swift in Sources */,
				2290C4621DE4C1E0009E3720 /* NewsletterTableViewCell.swift in Sources */,
				22C6ECE71DE0C7270071C0A9 /* AppDelegate.swift in Sources */,
				2290C46B1DE4EEA1009E3720 /* AsyncOperation.swift in Sources */,
				2290C45A1DE493EE009E3720 /* NewsletterWireframe.swift in Sources */,
			);
			runOnlyForDeploymentPostprocessing = 0;
		};
		22C6ECF31DE0C7270071C0A9 /* Sources */ = {
			isa = PBXSourcesBuildPhase;
			buildActionMask = 2147483647;
			files = (
				22C6ECFC1DE0C7270071C0A9 /* SVNewsletterTests.swift in Sources */,
			);
			runOnlyForDeploymentPostprocessing = 0;
		};
/* End PBXSourcesBuildPhase section */

/* Begin PBXTargetDependency section */
		22C6ECF91DE0C7270071C0A9 /* PBXTargetDependency */ = {
			isa = PBXTargetDependency;
			target = 22C6ECE21DE0C7260071C0A9 /* SVNewsletter */;
			targetProxy = 22C6ECF81DE0C7270071C0A9 /* PBXContainerItemProxy */;
		};
/* End PBXTargetDependency section */

/* Begin PBXVariantGroup section */
		22C6ECEA1DE0C7270071C0A9 /* Main.storyboard */ = {
			isa = PBXVariantGroup;
			children = (
				22C6ECEB1DE0C7270071C0A9 /* Base */,
			);
			name = Main.storyboard;
			sourceTree = "<group>";
		};
		22C6ECEF1DE0C7270071C0A9 /* LaunchScreen.storyboard */ = {
			isa = PBXVariantGroup;
			children = (
				22C6ECF01DE0C7270071C0A9 /* Base */,
			);
			name = LaunchScreen.storyboard;
			sourceTree = "<group>";
		};
/* End PBXVariantGroup section */

/* Begin XCBuildConfiguration section */
		22C6ECFE1DE0C7270071C0A9 /* Debug */ = {
			isa = XCBuildConfiguration;
			buildSettings = {
				ALWAYS_SEARCH_USER_PATHS = NO;
				CLANG_ANALYZER_NONNULL = YES;
				CLANG_CXX_LANGUAGE_STANDARD = "gnu++0x";
				CLANG_CXX_LIBRARY = "libc++";
				CLANG_ENABLE_MODULES = YES;
				CLANG_ENABLE_OBJC_ARC = YES;
				CLANG_WARN_BOOL_CONVERSION = YES;
				CLANG_WARN_CONSTANT_CONVERSION = YES;
				CLANG_WARN_DIRECT_OBJC_ISA_USAGE = YES_ERROR;
				CLANG_WARN_DOCUMENTATION_COMMENTS = YES;
				CLANG_WARN_EMPTY_BODY = YES;
				CLANG_WARN_ENUM_CONVERSION = YES;
				CLANG_WARN_INFINITE_RECURSION = YES;
				CLANG_WARN_INT_CONVERSION = YES;
				CLANG_WARN_OBJC_ROOT_CLASS = YES_ERROR;
				CLANG_WARN_SUSPICIOUS_MOVE = YES;
				CLANG_WARN_SUSPICIOUS_MOVES = YES;
				CLANG_WARN_UNREACHABLE_CODE = YES;
				CLANG_WARN__DUPLICATE_METHOD_MATCH = YES;
				"CODE_SIGN_IDENTITY[sdk=iphoneos*]" = "iPhone Developer";
				COPY_PHASE_STRIP = NO;
				DEBUG_INFORMATION_FORMAT = dwarf;
				ENABLE_STRICT_OBJC_MSGSEND = YES;
				ENABLE_TESTABILITY = YES;
				GCC_C_LANGUAGE_STANDARD = gnu99;
				GCC_DYNAMIC_NO_PIC = NO;
				GCC_NO_COMMON_BLOCKS = YES;
				GCC_OPTIMIZATION_LEVEL = 0;
				GCC_PREPROCESSOR_DEFINITIONS = (
					"DEBUG=1",
					"$(inherited)",
				);
				GCC_WARN_64_TO_32_BIT_CONVERSION = YES;
				GCC_WARN_ABOUT_RETURN_TYPE = YES_ERROR;
				GCC_WARN_UNDECLARED_SELECTOR = YES;
				GCC_WARN_UNINITIALIZED_AUTOS = YES_AGGRESSIVE;
				GCC_WARN_UNUSED_FUNCTION = YES;
				GCC_WARN_UNUSED_VARIABLE = YES;
				IPHONEOS_DEPLOYMENT_TARGET = 10.1;
				MTL_ENABLE_DEBUG_INFO = YES;
				ONLY_ACTIVE_ARCH = YES;
				SDKROOT = iphoneos;
				SWIFT_ACTIVE_COMPILATION_CONDITIONS = DEBUG;
				SWIFT_OPTIMIZATION_LEVEL = "-Onone";
			};
			name = Debug;
		};
		22C6ECFF1DE0C7270071C0A9 /* Release */ = {
			isa = XCBuildConfiguration;
			buildSettings = {
				ALWAYS_SEARCH_USER_PATHS = NO;
				CLANG_ANALYZER_NONNULL = YES;
				CLANG_CXX_LANGUAGE_STANDARD = "gnu++0x";
				CLANG_CXX_LIBRARY = "libc++";
				CLANG_ENABLE_MODULES = YES;
				CLANG_ENABLE_OBJC_ARC = YES;
				CLANG_WARN_BOOL_CONVERSION = YES;
				CLANG_WARN_CONSTANT_CONVERSION = YES;
				CLANG_WARN_DIRECT_OBJC_ISA_USAGE = YES_ERROR;
				CLANG_WARN_DOCUMENTATION_COMMENTS = YES;
				CLANG_WARN_EMPTY_BODY = YES;
				CLANG_WARN_ENUM_CONVERSION = YES;
				CLANG_WARN_INFINITE_RECURSION = YES;
				CLANG_WARN_INT_CONVERSION = YES;
				CLANG_WARN_OBJC_ROOT_CLASS = YES_ERROR;
				CLANG_WARN_SUSPICIOUS_MOVE = YES;
				CLANG_WARN_SUSPICIOUS_MOVES = YES;
				CLANG_WARN_UNREACHABLE_CODE = YES;
				CLANG_WARN__DUPLICATE_METHOD_MATCH = YES;
				"CODE_SIGN_IDENTITY[sdk=iphoneos*]" = "iPhone Developer";
				COPY_PHASE_STRIP = NO;
				DEBUG_INFORMATION_FORMAT = "dwarf-with-dsym";
				ENABLE_NS_ASSERTIONS = NO;
				ENABLE_STRICT_OBJC_MSGSEND = YES;
				GCC_C_LANGUAGE_STANDARD = gnu99;
				GCC_NO_COMMON_BLOCKS = YES;
				GCC_WARN_64_TO_32_BIT_CONVERSION = YES;
				GCC_WARN_ABOUT_RETURN_TYPE = YES_ERROR;
				GCC_WARN_UNDECLARED_SELECTOR = YES;
				GCC_WARN_UNINITIALIZED_AUTOS = YES_AGGRESSIVE;
				GCC_WARN_UNUSED_FUNCTION = YES;
				GCC_WARN_UNUSED_VARIABLE = YES;
				IPHONEOS_DEPLOYMENT_TARGET = 10.1;
				MTL_ENABLE_DEBUG_INFO = NO;
				SDKROOT = iphoneos;
				SWIFT_OPTIMIZATION_LEVEL = "-Owholemodule";
				VALIDATE_PRODUCT = YES;
			};
			name = Release;
		};
		22C6ED011DE0C7270071C0A9 /* Debug */ = {
			isa = XCBuildConfiguration;
			baseConfigurationReference = FF6C58F1FB28B4DFCDF39494 /* Pods-SVNewsletter.debug.xcconfig */;
			buildSettings = {
				ALWAYS_EMBED_SWIFT_STANDARD_LIBRARIES = YES;
				ASSETCATALOG_COMPILER_APPICON_NAME = AppIcon;
				DEVELOPMENT_TEAM = UWWE7R5BZG;
				INFOPLIST_FILE = SVNewsletter/Info.plist;
				IPHONEOS_DEPLOYMENT_TARGET = 9.3;
				LD_RUNPATH_SEARCH_PATHS = "$(inherited) @executable_path/Frameworks";
				PRODUCT_BUNDLE_IDENTIFIER = "Semyon-Vyatkin.SVNewsletter";
				PRODUCT_NAME = "$(TARGET_NAME)";
				SWIFT_VERSION = 3.0;
			};
			name = Debug;
		};
		22C6ED021DE0C7270071C0A9 /* Release */ = {
			isa = XCBuildConfiguration;
			baseConfigurationReference = C41B85D7673BC8803D5510AC /* Pods-SVNewsletter.release.xcconfig */;
			buildSettings = {
				ALWAYS_EMBED_SWIFT_STANDARD_LIBRARIES = YES;
				ASSETCATALOG_COMPILER_APPICON_NAME = AppIcon;
				DEVELOPMENT_TEAM = UWWE7R5BZG;
				INFOPLIST_FILE = SVNewsletter/Info.plist;
				IPHONEOS_DEPLOYMENT_TARGET = 9.3;
				LD_RUNPATH_SEARCH_PATHS = "$(inherited) @executable_path/Frameworks";
				PRODUCT_BUNDLE_IDENTIFIER = "Semyon-Vyatkin.SVNewsletter";
				PRODUCT_NAME = "$(TARGET_NAME)";
				SWIFT_VERSION = 3.0;
			};
			name = Release;
		};
		22C6ED041DE0C7270071C0A9 /* Debug */ = {
			isa = XCBuildConfiguration;
			baseConfigurationReference = 9A367B7F207372E17379DF44 /* Pods-SVNewsletterTests.debug.xcconfig */;
			buildSettings = {
				ALWAYS_EMBED_SWIFT_STANDARD_LIBRARIES = YES;
				BUNDLE_LOADER = "$(TEST_HOST)";
				DEVELOPMENT_TEAM = UWWE7R5BZG;
				INFOPLIST_FILE = SVNewsletterTests/Info.plist;
				LD_RUNPATH_SEARCH_PATHS = "$(inherited) @executable_path/Frameworks @loader_path/Frameworks";
				PRODUCT_BUNDLE_IDENTIFIER = "Semyon-Vyatkin.SVNewsletterTests";
				PRODUCT_NAME = "$(TARGET_NAME)";
				SWIFT_VERSION = 3.0;
				TEST_HOST = "$(BUILT_PRODUCTS_DIR)/SVNewsletter.app/SVNewsletter";
			};
			name = Debug;
		};
		22C6ED051DE0C7270071C0A9 /* Release */ = {
			isa = XCBuildConfiguration;
			baseConfigurationReference = F753DFB7F0E23CF8B811D3E2 /* Pods-SVNewsletterTests.release.xcconfig */;
			buildSettings = {
				ALWAYS_EMBED_SWIFT_STANDARD_LIBRARIES = YES;
				BUNDLE_LOADER = "$(TEST_HOST)";
				DEVELOPMENT_TEAM = UWWE7R5BZG;
				INFOPLIST_FILE = SVNewsletterTests/Info.plist;
				LD_RUNPATH_SEARCH_PATHS = "$(inherited) @executable_path/Frameworks @loader_path/Frameworks";
				PRODUCT_BUNDLE_IDENTIFIER = "Semyon-Vyatkin.SVNewsletterTests";
				PRODUCT_NAME = "$(TARGET_NAME)";
				SWIFT_VERSION = 3.0;
				TEST_HOST = "$(BUILT_PRODUCTS_DIR)/SVNewsletter.app/SVNewsletter";
			};
			name = Release;
		};
/* End XCBuildConfiguration section */

/* Begin XCConfigurationList section */
		22C6ECDE1DE0C7260071C0A9 /* Build configuration list for PBXProject "SVNewsletter" */ = {
			isa = XCConfigurationList;
			buildConfigurations = (
				22C6ECFE1DE0C7270071C0A9 /* Debug */,
				22C6ECFF1DE0C7270071C0A9 /* Release */,
			);
			defaultConfigurationIsVisible = 0;
			defaultConfigurationName = Release;
		};
		22C6ED001DE0C7270071C0A9 /* Build configuration list for PBXNativeTarget "SVNewsletter" */ = {
			isa = XCConfigurationList;
			buildConfigurations = (
				22C6ED011DE0C7270071C0A9 /* Debug */,
				22C6ED021DE0C7270071C0A9 /* Release */,
			);
			defaultConfigurationIsVisible = 0;
			defaultConfigurationName = Release;
		};
		22C6ED031DE0C7270071C0A9 /* Build configuration list for PBXNativeTarget "SVNewsletterTests" */ = {
			isa = XCConfigurationList;
			buildConfigurations = (
				22C6ED041DE0C7270071C0A9 /* Debug */,
				22C6ED051DE0C7270071C0A9 /* Release */,
			);
			defaultConfigurationIsVisible = 0;
			defaultConfigurationName = Release;
		};
/* End XCConfigurationList section */
	};
	rootObject = 22C6ECDB1DE0C7260071C0A9 /* Project object */;
}
